
Microsoft Visual Studio Solution File, Format Version 12.00
# Visual Studio 14
VisualStudioVersion = 14.0.23107.0
MinimumVisualStudioVersion = 10.0.40219.1
Project("{2150E333-8FDC-42A3-9474-1A3956D46DE8}") = "src", "src", "{EE59DB2E-BDA0-47D2-8553-9382479B5C88}"
EndProject
Project("{2150E333-8FDC-42A3-9474-1A3956D46DE8}") = "Solution Items", "Solution Items", "{E141A559-D0CF-4213-8B11-EBF5410456DE}"
	ProjectSection(SolutionItems) = preProject
		global.json = global.json
	EndProjectSection
EndProject
Project("{8BB2217D-0F2D-49D1-97BC-3654ED321F3B}") = "DependencyInjectionLearn", "src\DependencyInjectionLearn\DependencyInjectionLearn.xproj", "{A586ABB1-9C95-4A5C-A850-223C901B4531}"
EndProject
Global
	GlobalSection(SolutionConfigurationPlatforms) = preSolution
		Debug|Any CPU = Debug|Any CPU
		Release|Any CPU = Release|Any CPU
	EndGlobalSection
	GlobalSection(ProjectConfigurationPlatforms) = postSolution
		{A586ABB1-9C95-4A5C-A850-223C901B4531}.Debug|Any CPU.ActiveCfg = Debug|Any CPU
		{A586ABB1-9C95-4A5C-A850-223C901B4531}.Debug|Any CPU.Build.0 = Debug|Any CPU
		{A586ABB1-9C95-4A5C-A850-223C901B4531}.Release|Any CPU.ActiveCfg = Release|Any CPU
		{A586ABB1-9C95-4A5C-A850-223C901B4531}.Release|Any CPU.Build.0 = Release|Any CPU
	EndGlobalSection
	GlobalSection(SolutionProperties) = preSolution
		HideSolutionNode = FALSE
	EndGlobalSection
	GlobalSection(NestedProjects) = preSolution
		{A586ABB1-9C95-4A5C-A850-223C901B4531} = {EE59DB2E-BDA0-47D2-8553-9382479B5C88}
	EndGlobalSection
EndGlobal
